
Microsoft Visual Studio Solution File, Format Version 12.00
# Visual Studio Version 16
VisualStudioVersion = 16.0.33214.272
MinimumVisualStudioVersion = 10.0.40219.1
Project("{FAE04EC0-301F-11D3-BF4B-00C04F79EFBC}") = "FolderIcon", "FolderIcon.csproj", "{316F3203-3B8C-49A5-9A53-BEFD99B90207}"
EndProject
Project("{54435603-DBB4-11D2-8724-00A0C9A8B90C}") = "FolderIco", "..\FolderIco\FolderIco.vdproj", "{96B83157-AC24-4BDF-B104-F66EDF8AEB99}"
EndProject
Global
	GlobalSection(SolutionConfigurationPlatforms) = preSolution
		Debug|Any CPU = Debug|Any CPU
		Debug|x64 = Debug|x64
		Release|Any CPU = Release|Any CPU
		Release|x64 = Release|x64
	EndGlobalSection
	GlobalSection(ProjectConfigurationPlatforms) = postSolution
		{316F3203-3B8C-49A5-9A53-BEFD99B90207}.Debug|Any CPU.ActiveCfg = Debug|Any CPU
		{316F3203-3B8C-49A5-9A53-BEFD99B90207}.Debug|Any CPU.Build.0 = Debug|Any CPU
		{316F3203-3B8C-49A5-9A53-BEFD99B90207}.Debug|x64.ActiveCfg = Debug|x64
		{316F3203-3B8C-49A5-9A53-BEFD99B90207}.Debug|x64.Build.0 = Debug|x64
		{316F3203-3B8C-49A5-9A53-BEFD99B90207}.Release|Any CPU.ActiveCfg = Release|Any CPU
		{316F3203-3B8C-49A5-9A53-BEFD99B90207}.Release|Any CPU.Build.0 = Release|Any CPU
		{316F3203-3B8C-49A5-9A53-BEFD99B90207}.Release|x64.ActiveCfg = Release|x64
		{316F3203-3B8C-49A5-9A53-BEFD99B90207}.Release|x64.Build.0 = Release|x64
		{96B83157-AC24-4BDF-B104-F66EDF8AEB99}.Debug|Any CPU.ActiveCfg = Debug
		{96B83157-AC24-4BDF-B104-F66EDF8AEB99}.Debug|x64.ActiveCfg = Debug
		{96B83157-AC24-4BDF-B104-F66EDF8AEB99}.Release|Any CPU.ActiveCfg = Release
		{96B83157-AC24-4BDF-B104-F66EDF8AEB99}.Release|x64.ActiveCfg = Release
	EndGlobalSection
	GlobalSection(SolutionProperties) = preSolution
		HideSolutionNode = FALSE
	EndGlobalSection
	GlobalSection(ExtensibilityGlobals) = postSolution
		SolutionGuid = {E011EEA8-2499-4730-8319-D5836F680100}
	EndGlobalSection
EndGlobal
